
Microsoft Visual Studio Solution File, Format Version 12.00
# Visual Studio Version 17
VisualStudioVersion = 17.4.33122.133
MinimumVisualStudioVersion = 10.0.40219.1			
Project("{FAE04EC0-301F-11D3-BF4B-00C04F79EFBC}") = "TECForedrag", "TECForedrag.csproj", "{F515C2B5-8549-4A0A-8F11-5CCE74F4C106}"
EndProject
Global
	GlobalSection(SolutionConfigurationPlatforms) = preSolution
		Debug|Any CPU = Debug|Any CPU
		Release|Any CPU = Release|Any CPU
	EndGlobalSection
	GlobalSection(ProjectConfigurationPlatforms) = postSolution
		{F515C2B5-8549-4A0A-8F11-5CCE74F4C106}.Debug|Any CPU.ActiveCfg = Debug|Any CPU
		{F515C2B5-8549-4A0A-8F11-5CCE74F4C106}.Debug|Any CPU.Build.0 = Debug|Any CPU
		{F515C2B5-8549-4A0A-8F11-5CCE74F4C106}.Release|Any CPU.ActiveCfg = Release|Any CPU
		{F515C2B5-8549-4A0A-8F11-5CCE74F4C106}.Release|Any CPU.Build.0 = Release|Any CPU
	EndGlobalSection
	GlobalSection(SolutionProperties) = preSolution
		HideSolutionNode = FALSE
	EndGlobalSection
	GlobalSection(ExtensibilityGlobals) = postSolution
		SolutionGuid = {FE15EC09-5BC1-4FD7-897A-8B42351EAE47}
	EndGlobalSection
EndGlobal
